
Microsoft Visual Studio Solution File, Format Version 12.00
# Visual Studio 15
VisualStudioVersion = 15.0.28010.2046
MinimumVisualStudioVersion = 10.0.40219.1
Project("{FAE04EC0-301F-11D3-BF4B-00C04F79EFBC}") = "FileVersion_VersionNotCompatible", "FileVersion_VersionNotCompatible\FileVersion_VersionNotCompatible.csproj", "{999C9DDD-4D24-4F18-AFC4-5489F5512205}"
EndProject
Project("{FAE04EC0-301F-11D3-BF4B-00C04F79EFBC}") = "AssemblyInformationalVersion_NotCompatible", "AssemblyInformationalVersion_NotCompatible\AssemblyInformationalVersion_NotCompatible.csproj", "{BA28DD74-1CBE-415B-81AB-B95743046C15}"
EndProject
Global
	GlobalSection(SolutionConfigurationPlatforms) = preSolution
		Debug|Any CPU = Debug|Any CPU
		Release|Any CPU = Release|Any CPU
	EndGlobalSection
	GlobalSection(ProjectConfigurationPlatforms) = postSolution
		{999C9DDD-4D24-4F18-AFC4-5489F5512205}.Debug|Any CPU.ActiveCfg = Debug|Any CPU
		{999C9DDD-4D24-4F18-AFC4-5489F5512205}.Debug|Any CPU.Build.0 = Debug|Any CPU
		{999C9DDD-4D24-4F18-AFC4-5489F5512205}.Release|Any CPU.ActiveCfg = Release|Any CPU
		{999C9DDD-4D24-4F18-AFC4-5489F5512205}.Release|Any CPU.Build.0 = Release|Any CPU
		{BA28DD74-1CBE-415B-81AB-B95743046C15}.Debug|Any CPU.ActiveCfg = Debug|Any CPU
		{BA28DD74-1CBE-415B-81AB-B95743046C15}.Debug|Any CPU.Build.0 = Debug|Any CPU
		{BA28DD74-1CBE-415B-81AB-B95743046C15}.Release|Any CPU.ActiveCfg = Release|Any CPU
		{BA28DD74-1CBE-415B-81AB-B95743046C15}.Release|Any CPU.Build.0 = Release|Any CPU
	EndGlobalSection
	GlobalSection(SolutionProperties) = preSolution
		HideSolutionNode = FALSE
	EndGlobalSection
	GlobalSection(ExtensibilityGlobals) = postSolution
		SolutionGuid = {477F2B29-ADF6-49DB-85DC-3C036A8851C9}
	EndGlobalSection
EndGlobal
